// !$*UTF8*$!
{
	archiveVersion = 1;
	classes = {
	};
	objectVersion = 50;
	objects = {

/* Begin PBXBuildFile section */
		4374CE1A227497B5000385CB /* AppDelegate.swift in Sources */ = {isa = PBXBuildFile; fileRef = 4374CE19227497B5000385CB /* AppDelegate.swift */; };
		4374CE1C227497B5000385CB /* ViewController.swift in Sources */ = {isa = PBXBuildFile; fileRef = 4374CE1B227497B5000385CB /* ViewController.swift */; };
		4374CE1F227497B5000385CB /* Main.storyboard in Resources */ = {isa = PBXBuildFile; fileRef = 4374CE1D227497B5000385CB /* Main.storyboard */; };
		4374CE22227497B5000385CB /* TableCellExample.xcdatamodeld in Sources */ = {isa = PBXBuildFile; fileRef = 4374CE20227497B5000385CB /* TableCellExample.xcdatamodeld */; };
		4374CE24227497C0000385CB /* Assets.xcassets in Resources */ = {isa = PBXBuildFile; fileRef = 4374CE23227497C0000385CB /* Assets.xcassets */; };
		4374CE27227497C0000385CB /* LaunchScreen.storyboard in Resources */ = {isa = PBXBuildFile; fileRef = 4374CE25227497C0000385CB /* LaunchScreen.storyboard */; };
		4374CE32227497C1000385CB /* TableCellExampleTests.swift in Sources */ = {isa = PBXBuildFile; fileRef = 4374CE31227497C1000385CB /* TableCellExampleTests.swift */; };
		4374CE3D227497C1000385CB /* TableCellExampleUITests.swift in Sources */ = {isa = PBXBuildFile; fileRef = 4374CE3C227497C1000385CB /* TableCellExampleUITests.swift */; };
/* End PBXBuildFile section */

/* Begin PBXContainerItemProxy section */
		4374CE2E227497C1000385CB /* PBXContainerItemProxy */ = {
			isa = PBXContainerItemProxy;
			containerPortal = 4374CE0E227497B4000385CB /* Project object */;
			proxyType = 1;
			remoteGlobalIDString = 4374CE15227497B5000385CB;
			remoteInfo = TableCellExample;
		};
		4374CE39227497C1000385CB /* PBXContainerItemProxy */ = {
			isa = PBXContainerItemProxy;
			containerPortal = 4374CE0E227497B4000385CB /* Project object */;
			proxyType = 1;
			remoteGlobalIDString = 4374CE15227497B5000385CB;
			remoteInfo = TableCellExample;
		};
/* End PBXContainerItemProxy section */

/* Begin PBXFileReference section */
		4374CE16227497B5000385CB /* TableCellExample.app */ = {isa = PBXFileReference; explicitFileType = wrapper.application; includeInIndex = 0; path = TableCellExample.app; sourceTree = BUILT_PRODUCTS_DIR; };
		4374CE19227497B5000385CB /* AppDelegate.swift */ = {isa = PBXFileReference; lastKnownFileType = sourcecode.swift; path = AppDelegate.swift; sourceTree = "<group>"; };
		4374CE1B227497B5000385CB /* ViewController.swift */ = {isa = PBXFileReference; lastKnownFileType = sourcecode.swift; path = ViewController.swift; sourceTree = "<group>"; };
		4374CE1E227497B5000385CB /* Base */ = {isa = PBXFileReference; lastKnownFileType = file.storyboard; name = Base; path = Base.lproj/Main.storyboard; sourceTree = "<group>"; };
		4374CE21227497B5000385CB /* TableCellExample.xcdatamodel */ = {isa = PBXFileReference; lastKnownFileType = wrapper.xcdatamodel; path = TableCellExample.xcdatamodel; sourceTree = "<group>"; };
		4374CE23227497C0000385CB /* Assets.xcassets */ = {isa = PBXFileReference; lastKnownFileType = folder.assetcatalog; path = Assets.xcassets; sourceTree = "<group>"; };
		4374CE26227497C0000385CB /* Base */ = {isa = PBXFileReference; lastKnownFileType = file.storyboard; name = Base; path = Base.lproj/LaunchScreen.storyboard; sourceTree = "<group>"; };
		4374CE28227497C0000385CB /* Info.plist */ = {isa = PBXFileReference; lastKnownFileType = text.plist.xml; path = Info.plist; sourceTree = "<group>"; };
		4374CE2D227497C1000385CB /* TableCellExampleTests.xctest */ = {isa = PBXFileReference; explicitFileType = wrapper.cfbundle; includeInIndex = 0; path = TableCellExampleTests.xctest; sourceTree = BUILT_PRODUCTS_DIR; };
		4374CE31227497C1000385CB /* TableCellExampleTests.swift */ = {isa = PBXFileReference; lastKnownFileType = sourcecode.swift; path = TableCellExampleTests.swift; sourceTree = "<group>"; };
		4374CE33227497C1000385CB /* Info.plist */ = {isa = PBXFileReference; lastKnownFileType = text.plist.xml; path = Info.plist; sourceTree = "<group>"; };
		4374CE38227497C1000385CB /* TableCellExampleUITests.xctest */ = {isa = PBXFileReference; explicitFileType = wrapper.cfbundle; includeInIndex = 0; path = TableCellExampleUITests.xctest; sourceTree = BUILT_PRODUCTS_DIR; };
		4374CE3C227497C1000385CB /* TableCellExampleUITests.swift */ = {isa = PBXFileReference; lastKnownFileType = sourcecode.swift; path = TableCellExampleUITests.swift; sourceTree = "<group>"; };
		4374CE3E227497C1000385CB /* Info.plist */ = {isa = PBXFileReference; lastKnownFileType = text.plist.xml; path = Info.plist; sourceTree = "<group>"; };
/* End PBXFileReference section */

/* Begin PBXFrameworksBuildPhase section */
		4374CE13227497B5000385CB /* Frameworks */ = {
			isa = PBXFrameworksBuildPhase;
			buildActionMask = 2147483647;
			files = (
			);
			runOnlyForDeploymentPostprocessing = 0;
		};
		4374CE2A227497C1000385CB /* Frameworks */ = {
			isa = PBXFrameworksBuildPhase;
			buildActionMask = 2147483647;
			files = (
			);
			runOnlyForDeploymentPostprocessing = 0;
		};
		4374CE35227497C1000385CB /* Frameworks */ = {
			isa = PBXFrameworksBuildPhase;
			buildActionMask = 2147483647;
			files = (
			);
			runOnlyForDeploymentPostprocessing = 0;
		};
/* End PBXFrameworksBuildPhase section */

/* Begin PBXGroup section */
		4374CE0D227497B4000385CB = {
			isa = PBXGroup;
			children = (
				4374CE18227497B5000385CB /* TableCellExample */,
				4374CE30227497C1000385CB /* TableCellExampleTests */,
				4374CE3B227497C1000385CB /* TableCellExampleUITests */,
				4374CE17227497B5000385CB /* Products */,
			);
			sourceTree = "<group>";
		};
		4374CE17227497B5000385CB /* Products */ = {
			isa = PBXGroup;
			children = (
				4374CE16227497B5000385CB /* TableCellExample.app */,
				4374CE2D227497C1000385CB /* TableCellExampleTests.xctest */,
				4374CE38227497C1000385CB /* TableCellExampleUITests.xctest */,
			);
			name = Products;
			sourceTree = "<group>";
		};
		4374CE18227497B5000385CB /* TableCellExample */ = {
			isa = PBXGroup;
			children = (
				4374CE19227497B5000385CB /* AppDelegate.swift */,
				4374CE1B227497B5000385CB /* ViewController.swift */,
				4374CE1D227497B5000385CB /* Main.storyboard */,
				4374CE23227497C0000385CB /* Assets.xcassets */,
				4374CE25227497C0000385CB /* LaunchScreen.storyboard */,
				4374CE28227497C0000385CB /* Info.plist */,
				4374CE20227497B5000385CB /* TableCellExample.xcdatamodeld */,
			);
			path = TableCellExample;
			sourceTree = "<group>";
		};
		4374CE30227497C1000385CB /* TableCellExampleTests */ = {
			isa = PBXGroup;
			children = (
				4374CE31227497C1000385CB /* TableCellExampleTests.swift */,
				4374CE33227497C1000385CB /* Info.plist */,
			);
			path = TableCellExampleTests;
			sourceTree = "<group>";
		};
		4374CE3B227497C1000385CB /* TableCellExampleUITests */ = {
			isa = PBXGroup;
			children = (
				4374CE3C227497C1000385CB /* TableCellExampleUITests.swift */,
				4374CE3E227497C1000385CB /* Info.plist */,
			);
			path = TableCellExampleUITests;
			sourceTree = "<group>";
		};
/* End PBXGroup section */

/* Begin PBXNativeTarget section */
		4374CE15227497B5000385CB /* TableCellExample */ = {
			isa = PBXNativeTarget;
			buildConfigurationList = 4374CE41227497C2000385CB /* Build configuration list for PBXNativeTarget "TableCellExample" */;
			buildPhases = (
				4374CE12227497B5000385CB /* Sources */,
				4374CE13227497B5000385CB /* Frameworks */,
				4374CE14227497B5000385CB /* Resources */,
			);
			buildRules = (
			);
			dependencies = (
			);
			name = TableCellExample;
			productName = TableCellExample;
			productReference = 4374CE16227497B5000385CB /* TableCellExample.app */;
			productType = "com.apple.product-type.application";
		};
		4374CE2C227497C1000385CB /* TableCellExampleTests */ = {
			isa = PBXNativeTarget;
			buildConfigurationList = 4374CE44227497C2000385CB /* Build configuration list for PBXNativeTarget "TableCellExampleTests" */;
			buildPhases = (
				4374CE29227497C1000385CB /* Sources */,
				4374CE2A227497C1000385CB /* Frameworks */,
				4374CE2B227497C1000385CB /* Resources */,
			);
			buildRules = (
			);
			dependencies = (
				4374CE2F227497C1000385CB /* PBXTargetDependency */,
			);
			name = TableCellExampleTests;
			productName = TableCellExampleTests;
			productReference = 4374CE2D227497C1000385CB /* TableCellExampleTests.xctest */;
			productType = "com.apple.product-type.bundle.unit-test";
		};
		4374CE37227497C1000385CB /* TableCellExampleUITests */ = {
			isa = PBXNativeTarget;
			buildConfigurationList = 4374CE47227497C2000385CB /* Build configuration list for PBXNativeTarget "TableCellExampleUITests" */;
			buildPhases = (
				4374CE34227497C1000385CB /* Sources */,
				4374CE35227497C1000385CB /* Frameworks */,
				4374CE36227497C1000385CB /* Resources */,
			);
			buildRules = (
			);
			dependencies = (
				4374CE3A227497C1000385CB /* PBXTargetDependency */,
			);
			name = TableCellExampleUITests;
			productName = TableCellExampleUITests;
			productReference = 4374CE38227497C1000385CB /* TableCellExampleUITests.xctest */;
			productType = "com.apple.product-type.bundle.ui-testing";
		};
/* End PBXNativeTarget section */

/* Begin PBXProject section */
		4374CE0E227497B4000385CB /* Project object */ = {
			isa = PBXProject;
			attributes = {
				LastSwiftUpdateCheck = 1010;
				LastUpgradeCheck = 1010;
				ORGANIZATIONNAME = pat;
				TargetAttributes = {
					4374CE15227497B5000385CB = {
						CreatedOnToolsVersion = 10.1;
					};
					4374CE2C227497C1000385CB = {
						CreatedOnToolsVersion = 10.1;
						TestTargetID = 4374CE15227497B5000385CB;
					};
					4374CE37227497C1000385CB = {
						CreatedOnToolsVersion = 10.1;
						TestTargetID = 4374CE15227497B5000385CB;
					};
				};
			};
			buildConfigurationList = 4374CE11227497B4000385CB /* Build configuration list for PBXProject "TableCellExample" */;
			compatibilityVersion = "Xcode 9.3";
			developmentRegion = en;
			hasScannedForEncodings = 0;
			knownRegions = (
				en,
				Base,
			);
			mainGroup = 4374CE0D227497B4000385CB;
			productRefGroup = 4374CE17227497B5000385CB /* Products */;
			projectDirPath = "";
			projectRoot = "";
			targets = (
				4374CE15227497B5000385CB /* TableCellExample */,
				4374CE2C227497C1000385CB /* TableCellExampleTests */,
				4374CE37227497C1000385CB /* TableCellExampleUITests */,
			);
		};
/* End PBXProject section */

/* Begin PBXResourcesBuildPhase section */
		4374CE14227497B5000385CB /* Resources */ = {
			isa = PBXResourcesBuildPhase;
			buildActionMask = 2147483647;
			files = (
				4374CE27227497C0000385CB /* LaunchScreen.storyboard in Resources */,
				4374CE24227497C0000385CB /* Assets.xcassets in Resources */,
				4374CE1F227497B5000385CB /* Main.storyboard in Resources */,
			);
			runOnlyForDeploymentPostprocessing = 0;
		};
		4374CE2B227497C1000385CB /* Resources */ = {
			isa = PBXResourcesBuildPhase;
			buildActionMask = 2147483647;
			files = (
			);
			runOnlyForDeploymentPostprocessing = 0;
		};
		4374CE36227497C1000385CB /* Resources */ = {
			isa = PBXResourcesBuildPhase;
			buildActionMask = 2147483647;
			files = (
			);
			runOnlyForDeploymentPostprocessing = 0;
		};
/* End PBXResourcesBuildPhase section */

/* Begin PBXSourcesBuildPhase section */
		4374CE12227497B5000385CB /* Sources */ = {
			isa = PBXSourcesBuildPhase;
			buildActionMask = 2147483647;
			files = (
				4374CE1C227497B5000385CB /* ViewController.swift in Sources */,
				4374CE22227497B5000385CB /* TableCellExample.xcdatamodeld in Sources */,
				4374CE1A227497B5000385CB /* AppDelegate.swift in Sources */,
			);
			runOnlyForDeploymentPostprocessing = 0;
		};
		4374CE29227497C1000385CB /* Sources */ = {
			isa = PBXSourcesBuildPhase;
			buildActionMask = 2147483647;
			files = (
				4374CE32227497C1000385CB /* TableCellExampleTests.swift in Sources */,
			);
			runOnlyForDeploymentPostprocessing = 0;
		};
		4374CE34227497C1000385CB /* Sources */ = {
			isa = PBXSourcesBuildPhase;
			buildActionMask = 2147483647;
			files = (
				4374CE3D227497C1000385CB /* TableCellExampleUITests.swift in Sources */,
			);
			runOnlyForDeploymentPostprocessing = 0;
		};
/* End PBXSourcesBuildPhase section */

/* Begin PBXTargetDependency section */
		4374CE2F227497C1000385CB /* PBXTargetDependency */ = {
			isa = PBXTargetDependency;
			target = 4374CE15227497B5000385CB /* TableCellExample */;
			targetProxy = 4374CE2E227497C1000385CB /* PBXContainerItemProxy */;
		};
		4374CE3A227497C1000385CB /* PBXTargetDependency */ = {
			isa = PBXTargetDependency;
			target = 4374CE15227497B5000385CB /* TableCellExample */;
			targetProxy = 4374CE39227497C1000385CB /* PBXContainerItemProxy */;
		};
/* End PBXTargetDependency section */

/* Begin PBXVariantGroup section */
		4374CE1D227497B5000385CB /* Main.storyboard */ = {
			isa = PBXVariantGroup;
			children = (
				4374CE1E227497B5000385CB /* Base */,
			);
			name = Main.storyboard;
			sourceTree = "<group>";
		};
		4374CE25227497C0000385CB /* LaunchScreen.storyboard */ = {
			isa = PBXVariantGroup;
			children = (
				4374CE26227497C0000385CB /* Base */,
			);
			name = LaunchScreen.storyboard;
			sourceTree = "<group>";
		};
/* End PBXVariantGroup section */

/* Begin XCBuildConfiguration section */
		4374CE3F227497C2000385CB /* Debug */ = {
			isa = XCBuildConfiguration;
			buildSettings = {
				ALWAYS_SEARCH_USER_PATHS = NO;
				CLANG_ANALYZER_NONNULL = YES;
				CLANG_ANALYZER_NUMBER_OBJECT_CONVERSION = YES_AGGRESSIVE;
				CLANG_CXX_LANGUAGE_STANDARD = "gnu++14";
				CLANG_CXX_LIBRARY = "libc++";
				CLANG_ENABLE_MODULES = YES;
				CLANG_ENABLE_OBJC_ARC = YES;
				CLANG_ENABLE_OBJC_WEAK = YES;
				CLANG_WARN_BLOCK_CAPTURE_AUTORELEASING = YES;
				CLANG_WARN_BOOL_CONVERSION = YES;
				CLANG_WARN_COMMA = YES;
				CLANG_WARN_CONSTANT_CONVERSION = YES;
				CLANG_WARN_DEPRECATED_OBJC_IMPLEMENTATIONS = YES;
				CLANG_WARN_DIRECT_OBJC_ISA_USAGE = YES_ERROR;
				CLANG_WARN_DOCUMENTATION_COMMENTS = YES;
				CLANG_WARN_EMPTY_BODY = YES;
				CLANG_WARN_ENUM_CONVERSION = YES;
				CLANG_WARN_INFINITE_RECURSION = YES;
				CLANG_WARN_INT_CONVERSION = YES;
				CLANG_WARN_NON_LITERAL_NULL_CONVERSION = YES;
				CLANG_WARN_OBJC_IMPLICIT_RETAIN_SELF = YES;
				CLANG_WARN_OBJC_LITERAL_CONVERSION = YES;
				CLANG_WARN_OBJC_ROOT_CLASS = YES_ERROR;
				CLANG_WARN_RANGE_LOOP_ANALYSIS = YES;
				CLANG_WARN_STRICT_PROTOTYPES = YES;
				CLANG_WARN_SUSPICIOUS_MOVE = YES;
				CLANG_WARN_UNGUARDED_AVAILABILITY = YES_AGGRESSIVE;
				CLANG_WARN_UNREACHABLE_CODE = YES;
				CLANG_WARN__DUPLICATE_METHOD_MATCH = YES;
				CODE_SIGN_IDENTITY = "iPhone Developer";
				COPY_PHASE_STRIP = NO;
				DEBUG_INFORMATION_FORMAT = dwarf;
				ENABLE_STRICT_OBJC_MSGSEND = YES;
				ENABLE_TESTABILITY = YES;
				GCC_C_LANGUAGE_STANDARD = gnu11;
				GCC_DYNAMIC_NO_PIC = NO;
				GCC_NO_COMMON_BLOCKS = YES;
				GCC_OPTIMIZATION_LEVEL = 0;
				GCC_PREPROCESSOR_DEFINITIONS = (
					"DEBUG=1",
					"$(inherited)",
				);
				GCC_WARN_64_TO_32_BIT_CONVERSION = YES;
				GCC_WARN_ABOUT_RETURN_TYPE = YES_ERROR;
				GCC_WARN_UNDECLARED_SELECTOR = YES;
				GCC_WARN_UNINITIALIZED_AUTOS = YES_AGGRESSIVE;
				GCC_WARN_UNUSED_FUNCTION = YES;
				GCC_WARN_UNUSED_VARIABLE = YES;
				IPHONEOS_DEPLOYMENT_TARGET = 12.1;
				MTL_ENABLE_DEBUG_INFO = INCLUDE_SOURCE;
				MTL_FAST_MATH = YES;
				ONLY_ACTIVE_ARCH = YES;
				SDKROOT = iphoneos;
				SWIFT_ACTIVE_COMPILATION_CONDITIONS = DEBUG;
				SWIFT_OPTIMIZATION_LEVEL = "-Onone";
			};
			name = Debug;
		};
		4374CE40227497C2000385CB /* Release */ = {
			isa = XCBuildConfiguration;
			buildSettings = {
				ALWAYS_SEARCH_USER_PATHS = NO;
				CLANG_ANALYZER_NONNULL = YES;
				CLANG_ANALYZER_NUMBER_OBJECT_CONVERSION = YES_AGGRESSIVE;
				CLANG_CXX_LANGUAGE_STANDARD = "gnu++14";
				CLANG_CXX_LIBRARY = "libc++";
				CLANG_ENABLE_MODULES = YES;
				CLANG_ENABLE_OBJC_ARC = YES;
				CLANG_ENABLE_OBJC_WEAK = YES;
				CLANG_WARN_BLOCK_CAPTURE_AUTORELEASING = YES;
				CLANG_WARN_BOOL_CONVERSION = YES;
				CLANG_WARN_COMMA = YES;
				CLANG_WARN_CONSTANT_CONVERSION = YES;
				CLANG_WARN_DEPRECATED_OBJC_IMPLEMENTATIONS = YES;
				CLANG_WARN_DIRECT_OBJC_ISA_USAGE = YES_ERROR;
				CLANG_WARN_DOCUMENTATION_COMMENTS = YES;
				CLANG_WARN_EMPTY_BODY = YES;
				CLANG_WARN_ENUM_CONVERSION = YES;
				CLANG_WARN_INFINITE_RECURSION = YES;
				CLANG_WARN_INT_CONVERSION = YES;
				CLANG_WARN_NON_LITERAL_NULL_CONVERSION = YES;
				CLANG_WARN_OBJC_IMPLICIT_RETAIN_SELF = YES;
				CLANG_WARN_OBJC_LITERAL_CONVERSION = YES;
				CLANG_WARN_OBJC_ROOT_CLASS = YES_ERROR;
				CLANG_WARN_RANGE_LOOP_ANALYSIS = YES;
				CLANG_WARN_STRICT_PROTOTYPES = YES;
				CLANG_WARN_SUSPICIOUS_MOVE = YES;
				CLANG_WARN_UNGUARDED_AVAILABILITY = YES_AGGRESSIVE;
				CLANG_WARN_UNREACHABLE_CODE = YES;
				CLANG_WARN__DUPLICATE_METHOD_MATCH = YES;
				CODE_SIGN_IDENTITY = "iPhone Developer";
				COPY_PHASE_STRIP = NO;
				DEBUG_INFORMATION_FORMAT = "dwarf-with-dsym";
				ENABLE_NS_ASSERTIONS = NO;
				ENABLE_STRICT_OBJC_MSGSEND = YES;
				GCC_C_LANGUAGE_STANDARD = gnu11;
				GCC_NO_COMMON_BLOCKS = YES;
				GCC_WARN_64_TO_32_BIT_CONVERSION = YES;
				GCC_WARN_ABOUT_RETURN_TYPE = YES_ERROR;
				GCC_WARN_UNDECLARED_SELECTOR = YES;
				GCC_WARN_UNINITIALIZED_AUTOS = YES_AGGRESSIVE;
				GCC_WARN_UNUSED_FUNCTION = YES;
				GCC_WARN_UNUSED_VARIABLE = YES;
				IPHONEOS_DEPLOYMENT_TARGET = 12.1;
				MTL_ENABLE_DEBUG_INFO = NO;
				MTL_FAST_MATH = YES;
				SDKROOT = iphoneos;
				SWIFT_COMPILATION_MODE = wholemodule;
				SWIFT_OPTIMIZATION_LEVEL = "-O";
				VALIDATE_PRODUCT = YES;
			};
			name = Release;
		};
		4374CE42227497C2000385CB /* Debug */ = {
			isa = XCBuildConfiguration;
			buildSettings = {
				ASSETCATALOG_COMPILER_APPICON_NAME = AppIcon;
				CODE_SIGN_STYLE = Automatic;
				DEVELOPMENT_TEAM = DFQF92ASTF;
				INFOPLIST_FILE = TableCellExample/Info.plist;
				LD_RUNPATH_SEARCH_PATHS = (
					"$(inherited)",
					"@executable_path/Frameworks",
				);
				PRODUCT_BUNDLE_IDENTIFIER = pl.com.pat.TableCellExample;
				PRODUCT_NAME = "$(TARGET_NAME)";
				SWIFT_VERSION = 4.2;
				TARGETED_DEVICE_FAMILY = "1,2";
			};
			name = Debug;
		};
		4374CE43227497C2000385CB /* Release */ = {
			isa = XCBuildConfiguration;
			buildSettings = {
				ASSETCATALOG_COMPILER_APPICON_NAME = AppIcon;
				CODE_SIGN_STYLE = Automatic;
				DEVELOPMENT_TEAM = DFQF92ASTF;
				INFOPLIST_FILE = TableCellExample/Info.plist;
				LD_RUNPATH_SEARCH_PATHS = (
					"$(inherited)",
					"@executable_path/Frameworks",
				);
				PRODUCT_BUNDLE_IDENTIFIER = pl.com.pat.TableCellExample;
				PRODUCT_NAME = "$(TARGET_NAME)";
				SWIFT_VERSION = 4.2;
				TARGETED_DEVICE_FAMILY = "1,2";
			};
			name = Release;
		};
		4374CE45227497C2000385CB /* Debug */ = {
			isa = XCBuildConfiguration;
			buildSettings = {
				ALWAYS_EMBED_SWIFT_STANDARD_LIBRARIES = YES;
				BUNDLE_LOADER = "$(TEST_HOST)";
				CODE_SIGN_STYLE = Automatic;
				DEVELOPMENT_TEAM = DFQF92ASTF;
				INFOPLIST_FILE = TableCellExampleTests/Info.plist;
				LD_RUNPATH_SEARCH_PATHS = (
					"$(inherited)",
					"@executable_path/Frameworks",
					"@loader_path/Frameworks",
				);
				PRODUCT_BUNDLE_IDENTIFIER = pl.com.pat.TableCellExampleTests;
				PRODUCT_NAME = "$(TARGET_NAME)";
				SWIFT_VERSION = 4.2;
				TARGETED_DEVICE_FAMILY = "1,2";
				TEST_HOST = "$(BUILT_PRODUCTS_DIR)/TableCellExample.app/TableCellExample";
			};
			name = Debug;
		};
		4374CE46227497C2000385CB /* Release */ = {
			isa = XCBuildConfiguration;
			buildSettings = {
				ALWAYS_EMBED_SWIFT_STANDARD_LIBRARIES = YES;
				BUNDLE_LOADER = "$(TEST_HOST)";
				CODE_SIGN_STYLE = Automatic;
				DEVELOPMENT_TEAM = DFQF92ASTF;
				INFOPLIST_FILE = TableCellExampleTests/Info.plist;
				LD_RUNPATH_SEARCH_PATHS = (
					"$(inherited)",
					"@executable_path/Frameworks",
					"@loader_path/Frameworks",
				);
				PRODUCT_BUNDLE_IDENTIFIER = pl.com.pat.TableCellExampleTests;
				PRODUCT_NAME = "$(TARGET_NAME)";
				SWIFT_VERSION = 4.2;
				TARGETED_DEVICE_FAMILY = "1,2";
				TEST_HOST = "$(BUILT_PRODUCTS_DIR)/TableCellExample.app/TableCellExample";
			};
			name = Release;
		};
		4374CE48227497C2000385CB /* Debug */ = {
			isa = XCBuildConfiguration;
			buildSettings = {
				ALWAYS_EMBED_SWIFT_STANDARD_LIBRARIES = YES;
				CODE_SIGN_STYLE = Automatic;
				DEVELOPMENT_TEAM = DFQF92ASTF;
				INFOPLIST_FILE = TableCellExampleUITests/Info.plist;
				LD_RUNPATH_SEARCH_PATHS = (
					"$(inherited)",
					"@executable_path/Frameworks",
					"@loader_path/Frameworks",
				);
				PRODUCT_BUNDLE_IDENTIFIER = pl.com.pat.TableCellExampleUITests;
				PRODUCT_NAME = "$(TARGET_NAME)";
				SWIFT_VERSION = 4.2;
				TARGETED_DEVICE_FAMILY = "1,2";
				TEST_TARGET_NAME = TableCellExample;
			};
			name = Debug;
		};
		4374CE49227497C2000385CB /* Release */ = {
			isa = XCBuildConfiguration;
			buildSettings = {
				ALWAYS_EMBED_SWIFT_STANDARD_LIBRARIES = YES;
				CODE_SIGN_STYLE = Automatic;
				DEVELOPMENT_TEAM = DFQF92ASTF;
				INFOPLIST_FILE = TableCellExampleUITests/Info.plist;
				LD_RUNPATH_SEARCH_PATHS = (
					"$(inherited)",
					"@executable_path/Frameworks",
					"@loader_path/Frameworks",
				);
				PRODUCT_BUNDLE_IDENTIFIER = pl.com.pat.TableCellExampleUITests;
				PRODUCT_NAME = "$(TARGET_NAME)";
				SWIFT_VERSION = 4.2;
				TARGETED_DEVICE_FAMILY = "1,2";
				TEST_TARGET_NAME = TableCellExample;
			};
			name = Release;
		};
/* End XCBuildConfiguration section */

/* Begin XCConfigurationList section */
		4374CE11227497B4000385CB /* Build configuration list for PBXProject "TableCellExample" */ = {
			isa = XCConfigurationList;
			buildConfigurations = (
				4374CE3F227497C2000385CB /* Debug */,
				4374CE40227497C2000385CB /* Release */,
			);
			defaultConfigurationIsVisible = 0;
			defaultConfigurationName = Release;
		};
		4374CE41227497C2000385CB /* Build configuration list for PBXNativeTarget "TableCellExample" */ = {
			isa = XCConfigurationList;
			buildConfigurations = (
				4374CE42227497C2000385CB /* Debug */,
				4374CE43227497C2000385CB /* Release */,
			);
			defaultConfigurationIsVisible = 0;
			defaultConfigurationName = Release;
		};
		4374CE44227497C2000385CB /* Build configuration list for PBXNativeTarget "TableCellExampleTests" */ = {
			isa = XCConfigurationList;
			buildConfigurations = (
				4374CE45227497C2000385CB /* Debug */,
				4374CE46227497C2000385CB /* Release */,
			);
			defaultConfigurationIsVisible = 0;
			defaultConfigurationName = Release;
		};
		4374CE47227497C2000385CB /* Build configuration list for PBXNativeTarget "TableCellExampleUITests" */ = {
			isa = XCConfigurationList;
			buildConfigurations = (
				4374CE48227497C2000385CB /* Debug */,
				4374CE49227497C2000385CB /* Release */,
			);
			defaultConfigurationIsVisible = 0;
			defaultConfigurationName = Release;
		};
/* End XCConfigurationList section */

/* Begin XCVersionGroup section */
		4374CE20227497B5000385CB /* TableCellExample.xcdatamodeld */ = {
			isa = XCVersionGroup;
			children = (
				4374CE21227497B5000385CB /* TableCellExample.xcdatamodel */,
			);
			currentVersion = 4374CE21227497B5000385CB /* TableCellExample.xcdatamodel */;
			path = TableCellExample.xcdatamodeld;
			sourceTree = "<group>";
			versionGroupType = wrapper.xcdatamodel;
		};
/* End XCVersionGroup section */
	};
	rootObject = 4374CE0E227497B4000385CB /* Project object */;
}
